
Microsoft Visual Studio Solution File, Format Version 12.00
# Visual Studio Version 16
VisualStudioVersion = 16.0.30330.147
MinimumVisualStudioVersion = 10.0.40219.1
Project("{FAE04EC0-301F-11D3-BF4B-00C04F79EFBC}") = "FUDry", "FUDry\FUDry.csproj", "{39CD07DB-DDD7-4FAD-88F0-CDE387350BF6}"
EndProject
Global
	GlobalSection(SolutionConfigurationPlatforms) = preSolution
		Debug|Any CPU = Debug|Any CPU
		Release|Any CPU = Release|Any CPU
	EndGlobalSection
	GlobalSection(ProjectConfigurationPlatforms) = postSolution
		{39CD07DB-DDD7-4FAD-88F0-CDE387350BF6}.Debug|Any CPU.ActiveCfg = Debug|Any CPU
		{39CD07DB-DDD7-4FAD-88F0-CDE387350BF6}.Debug|Any CPU.Build.0 = Debug|Any CPU
		{39CD07DB-DDD7-4FAD-88F0-CDE387350BF6}.Release|Any CPU.ActiveCfg = Release|Any CPU
		{39CD07DB-DDD7-4FAD-88F0-CDE387350BF6}.Release|Any CPU.Build.0 = Release|Any CPU
	EndGlobalSection
	GlobalSection(SolutionProperties) = preSolution
		HideSolutionNode = FALSE
	EndGlobalSection
	GlobalSection(ExtensibilityGlobals) = postSolution
		SolutionGuid = {55B6F295-0423-43ED-ACED-6C8DB9C0B35D}
	EndGlobalSection
EndGlobal
